
Microsoft Visual Studio Solution File, Format Version 12.00
# Visual Studio 15
VisualStudioVersion = 15.0.27130.2036
MinimumVisualStudioVersion = 10.0.40219.1
Project("{FAE04EC0-301F-11D3-BF4B-00C04F79EFBC}") = "Game15Csharp", "Game15Csharp\Game15Csharp.csproj", "{E4073471-E81E-4245-843F-F83E524C9D4E}"
EndProject
Global
	GlobalSection(SolutionConfigurationPlatforms) = preSolution
		Debug|Any CPU = Debug|Any CPU
		Release|Any CPU = Release|Any CPU
	EndGlobalSection
	GlobalSection(ProjectConfigurationPlatforms) = postSolution
		{E4073471-E81E-4245-843F-F83E524C9D4E}.Debug|Any CPU.ActiveCfg = Debug|Any CPU
		{E4073471-E81E-4245-843F-F83E524C9D4E}.Debug|Any CPU.Build.0 = Debug|Any CPU
		{E4073471-E81E-4245-843F-F83E524C9D4E}.Release|Any CPU.ActiveCfg = Release|Any CPU
		{E4073471-E81E-4245-843F-F83E524C9D4E}.Release|Any CPU.Build.0 = Release|Any CPU
	EndGlobalSection
	GlobalSection(SolutionProperties) = preSolution
		HideSolutionNode = FALSE
	EndGlobalSection
	GlobalSection(ExtensibilityGlobals) = postSolution
		SolutionGuid = {931B61CD-2D81-439B-888C-E51E7F999175}
	EndGlobalSection
EndGlobal
